# This file is automatically @generated by Cargo.
# It is not intended for manual editing.
version = 4

[[package]]
name = "fila-broker"
version = "0.1.0"

[[package]]
name = "fila-codec"
version = "0.1.0"

[[package]]
name = "fila-server"
version = "0.1.0"
dependencies = [
 "fila-broker",
 "fila-codec",
]
